
Microsoft Visual Studio Solution File, Format Version 12.00
# Visual Studio Version 17
VisualStudioVersion = 17.7.34202.233
MinimumVisualStudioVersion = 10.0.40219.1
Project("{FAE04EC0-301F-11D3-BF4B-00C04F79EFBC}") = "AverageMethodExceptions", "AverageMethodExceptions.csproj", "{FEC340C9-47FE-4ABE-AA29-21A63E5122BC}"
EndProject
Global
	GlobalSection(SolutionConfigurationPlatforms) = preSolution
		Debug|Any CPU = Debug|Any CPU
		Release|Any CPU = Release|Any CPU
	EndGlobalSection
	GlobalSection(ProjectConfigurationPlatforms) = postSolution
		{FEC340C9-47FE-4ABE-AA29-21A63E5122BC}.Debug|Any CPU.ActiveCfg = Debug|Any CPU
		{FEC340C9-47FE-4ABE-AA29-21A63E5122BC}.Debug|Any CPU.Build.0 = Debug|Any CPU
		{FEC340C9-47FE-4ABE-AA29-21A63E5122BC}.Release|Any CPU.ActiveCfg = Release|Any CPU
		{FEC340C9-47FE-4ABE-AA29-21A63E5122BC}.Release|Any CPU.Build.0 = Release|Any CPU
	EndGlobalSection
	GlobalSection(SolutionProperties) = preSolution
		HideSolutionNode = FALSE
	EndGlobalSection
	GlobalSection(ExtensibilityGlobals) = postSolution
		SolutionGuid = {3F557F45-DD64-4E12-B043-23FE3FA33C60}
	EndGlobalSection
EndGlobal
